
Microsoft Visual Studio Solution File, Format Version 12.00
# Visual Studio 16
Project("{FAE04EC0-301F-11D3-BF4B-00C04F79EFBC}") = "Assembly-CSharp", "Assembly-CSharp.csproj", "{57C86F32-D48A-CE24-5026-844C9A9C8291}"
EndProject
Project("{FAE04EC0-301F-11D3-BF4B-00C04F79EFBC}") = "Assembly-CSharp-Editor", "Assembly-CSharp-Editor.csproj", "{22119A13-D939-C956-12F0-FFD00A1E2001}"
EndProject
Global
	GlobalSection(SolutionConfigurationPlatforms) = preSolution
		Debug|Any CPU = Debug|Any CPU
		Release|Any CPU = Release|Any CPU
	EndGlobalSection
	GlobalSection(ProjectConfigurationPlatforms) = postSolution
		{57C86F32-D48A-CE24-5026-844C9A9C8291}.Debug|Any CPU.ActiveCfg = Debug|Any CPU
		{57C86F32-D48A-CE24-5026-844C9A9C8291}.Debug|Any CPU.Build.0 = Debug|Any CPU
		{57C86F32-D48A-CE24-5026-844C9A9C8291}.Release|Any CPU.ActiveCfg = Release|Any CPU
		{57C86F32-D48A-CE24-5026-844C9A9C8291}.Release|Any CPU.Build.0 = Release|Any CPU
		{22119A13-D939-C956-12F0-FFD00A1E2001}.Debug|Any CPU.ActiveCfg = Debug|Any CPU
		{22119A13-D939-C956-12F0-FFD00A1E2001}.Debug|Any CPU.Build.0 = Debug|Any CPU
		{22119A13-D939-C956-12F0-FFD00A1E2001}.Release|Any CPU.ActiveCfg = Release|Any CPU
		{22119A13-D939-C956-12F0-FFD00A1E2001}.Release|Any CPU.Build.0 = Release|Any CPU
	EndGlobalSection
	GlobalSection(SolutionProperties) = preSolution
		HideSolutionNode = FALSE
	EndGlobalSection
EndGlobal
